
Microsoft Visual Studio Solution File, Format Version 12.00
# Visual Studio 15
VisualStudioVersion = 15.0.28307.779
MinimumVisualStudioVersion = 10.0.40219.1
Project("{9A19103F-16F7-4668-BE54-9A1E7A4F7556}") = "SampleXLogger", "SampleXLogger\SampleXLogger.csproj", "{86809F54-806B-42EF-827E-978DE08E76F8}"
EndProject
Project("{FAE04EC0-301F-11D3-BF4B-00C04F79EFBC}") = "SampleXLoggerMVC", "SampleXLoggerMVC\SampleXLoggerMVC.csproj", "{96E5584A-5D30-48E4-A332-5271E18F93EF}"
EndProject
Project("{FAE04EC0-301F-11D3-BF4B-00C04F79EFBC}") = "XLoggerConsole", "XLoggerConsole\XLoggerConsole.csproj", "{142B1B04-28D7-4990-9C92-FDD8928D2AC2}"
EndProject
Global
	GlobalSection(SolutionConfigurationPlatforms) = preSolution
		Debug|Any CPU = Debug|Any CPU
		Release|Any CPU = Release|Any CPU
	EndGlobalSection
	GlobalSection(ProjectConfigurationPlatforms) = postSolution
		{86809F54-806B-42EF-827E-978DE08E76F8}.Debug|Any CPU.ActiveCfg = Debug|Any CPU
		{86809F54-806B-42EF-827E-978DE08E76F8}.Debug|Any CPU.Build.0 = Debug|Any CPU
		{86809F54-806B-42EF-827E-978DE08E76F8}.Release|Any CPU.ActiveCfg = Release|Any CPU
		{86809F54-806B-42EF-827E-978DE08E76F8}.Release|Any CPU.Build.0 = Release|Any CPU
		{96E5584A-5D30-48E4-A332-5271E18F93EF}.Debug|Any CPU.ActiveCfg = Debug|Any CPU
		{96E5584A-5D30-48E4-A332-5271E18F93EF}.Debug|Any CPU.Build.0 = Debug|Any CPU
		{96E5584A-5D30-48E4-A332-5271E18F93EF}.Release|Any CPU.ActiveCfg = Release|Any CPU
		{96E5584A-5D30-48E4-A332-5271E18F93EF}.Release|Any CPU.Build.0 = Release|Any CPU
		{142B1B04-28D7-4990-9C92-FDD8928D2AC2}.Debug|Any CPU.ActiveCfg = Debug|Any CPU
		{142B1B04-28D7-4990-9C92-FDD8928D2AC2}.Debug|Any CPU.Build.0 = Debug|Any CPU
		{142B1B04-28D7-4990-9C92-FDD8928D2AC2}.Release|Any CPU.ActiveCfg = Release|Any CPU
		{142B1B04-28D7-4990-9C92-FDD8928D2AC2}.Release|Any CPU.Build.0 = Release|Any CPU
	EndGlobalSection
	GlobalSection(SolutionProperties) = preSolution
		HideSolutionNode = FALSE
	EndGlobalSection
	GlobalSection(ExtensibilityGlobals) = postSolution
		SolutionGuid = {C894DAE3-07EF-4785-9BBA-49E5AC9F956B}
	EndGlobalSection
EndGlobal
